
Microsoft Visual Studio Solution File, Format Version 12.00
# Visual Studio 15
VisualStudioVersion = 15.0.28307.421
MinimumVisualStudioVersion = 10.0.40219.1
Project("{9A19103F-16F7-4668-BE54-9A1E7A4F7556}") = "SharpMock", "SharpMock\SharpMock.csproj", "{90C111F6-D1F4-469E-99CF-05CBB85A0F8C}"
EndProject
Project("{9A19103F-16F7-4668-BE54-9A1E7A4F7556}") = "SharpMock.Library", "SharpMock.Library\SharpMock.Library.csproj", "{7E83CAE2-2EEF-42B6-8CD3-FF75DFD2EB7D}"
EndProject
Project("{FAE04EC0-301F-11D3-BF4B-00C04F79EFBC}") = "SharpMock.Utils", "SharpMock.Utils\SharpMock.Utils.csproj", "{0C8752A8-773D-4A85-A833-44C1D8F96C0A}"
EndProject
Global
	GlobalSection(SolutionConfigurationPlatforms) = preSolution
		Debug|Any CPU = Debug|Any CPU
		Release|Any CPU = Release|Any CPU
	EndGlobalSection
	GlobalSection(ProjectConfigurationPlatforms) = postSolution
		{90C111F6-D1F4-469E-99CF-05CBB85A0F8C}.Debug|Any CPU.ActiveCfg = Debug|Any CPU
		{90C111F6-D1F4-469E-99CF-05CBB85A0F8C}.Debug|Any CPU.Build.0 = Debug|Any CPU
		{90C111F6-D1F4-469E-99CF-05CBB85A0F8C}.Release|Any CPU.ActiveCfg = Release|Any CPU
		{90C111F6-D1F4-469E-99CF-05CBB85A0F8C}.Release|Any CPU.Build.0 = Release|Any CPU
		{7E83CAE2-2EEF-42B6-8CD3-FF75DFD2EB7D}.Debug|Any CPU.ActiveCfg = Debug|Any CPU
		{7E83CAE2-2EEF-42B6-8CD3-FF75DFD2EB7D}.Debug|Any CPU.Build.0 = Debug|Any CPU
		{7E83CAE2-2EEF-42B6-8CD3-FF75DFD2EB7D}.Release|Any CPU.ActiveCfg = Release|Any CPU
		{7E83CAE2-2EEF-42B6-8CD3-FF75DFD2EB7D}.Release|Any CPU.Build.0 = Release|Any CPU
		{0C8752A8-773D-4A85-A833-44C1D8F96C0A}.Debug|Any CPU.ActiveCfg = Debug|Any CPU
		{0C8752A8-773D-4A85-A833-44C1D8F96C0A}.Debug|Any CPU.Build.0 = Debug|Any CPU
		{0C8752A8-773D-4A85-A833-44C1D8F96C0A}.Release|Any CPU.ActiveCfg = Release|Any CPU
		{0C8752A8-773D-4A85-A833-44C1D8F96C0A}.Release|Any CPU.Build.0 = Release|Any CPU
	EndGlobalSection
	GlobalSection(SolutionProperties) = preSolution
		HideSolutionNode = FALSE
	EndGlobalSection
	GlobalSection(ExtensibilityGlobals) = postSolution
		SolutionGuid = {4C447864-8F44-4C7E-A6F5-6332D7C2DF99}
	EndGlobalSection
EndGlobal
