
Microsoft Visual Studio Solution File, Format Version 12.00
# Visual Studio Version 16
VisualStudioVersion = 16.0.29215.179
MinimumVisualStudioVersion = 10.0.40219.1
Project("{9A19103F-16F7-4668-BE54-9A1E7A4F7556}") = "SharpMock", "SharpMock\SharpMock.csproj", "{90C111F6-D1F4-469E-99CF-05CBB85A0F8C}"
EndProject
Project("{9A19103F-16F7-4668-BE54-9A1E7A4F7556}") = "SharpMock.Library", "SharpMock.Library\SharpMock.Library.csproj", "{7E83CAE2-2EEF-42B6-8CD3-FF75DFD2EB7D}"
EndProject
Project("{9A19103F-16F7-4668-BE54-9A1E7A4F7556}") = "SharpMock.Http", "SharpMock.Http\SharpMock.Http.csproj", "{6A840138-DD9E-4F32-B1C4-3B75FBC343E1}"
EndProject
Project("{9A19103F-16F7-4668-BE54-9A1E7A4F7556}") = "SharpMock.Factory", "SharpMock.Factory\SharpMock.Factory.csproj", "{9B9F3436-7FDC-4377-ADED-647799E7BE6E}"
EndProject
Project("{FAE04EC0-301F-11D3-BF4B-00C04F79EFBC}") = "SharpMock.Http.Test", "SharpMock.Http.Test\SharpMock.Http.Test.csproj", "{455F7995-A4C5-46E4-ABC5-D63866A4E1F7}"
EndProject
Global
	GlobalSection(SolutionConfigurationPlatforms) = preSolution
		Debug|Any CPU = Debug|Any CPU
		Release|Any CPU = Release|Any CPU
	EndGlobalSection
	GlobalSection(ProjectConfigurationPlatforms) = postSolution
		{90C111F6-D1F4-469E-99CF-05CBB85A0F8C}.Debug|Any CPU.ActiveCfg = Debug|Any CPU
		{90C111F6-D1F4-469E-99CF-05CBB85A0F8C}.Debug|Any CPU.Build.0 = Debug|Any CPU
		{90C111F6-D1F4-469E-99CF-05CBB85A0F8C}.Release|Any CPU.ActiveCfg = Release|Any CPU
		{90C111F6-D1F4-469E-99CF-05CBB85A0F8C}.Release|Any CPU.Build.0 = Release|Any CPU
		{7E83CAE2-2EEF-42B6-8CD3-FF75DFD2EB7D}.Debug|Any CPU.ActiveCfg = Debug|Any CPU
		{7E83CAE2-2EEF-42B6-8CD3-FF75DFD2EB7D}.Debug|Any CPU.Build.0 = Debug|Any CPU
		{7E83CAE2-2EEF-42B6-8CD3-FF75DFD2EB7D}.Release|Any CPU.ActiveCfg = Release|Any CPU
		{7E83CAE2-2EEF-42B6-8CD3-FF75DFD2EB7D}.Release|Any CPU.Build.0 = Release|Any CPU
		{6A840138-DD9E-4F32-B1C4-3B75FBC343E1}.Debug|Any CPU.ActiveCfg = Debug|Any CPU
		{6A840138-DD9E-4F32-B1C4-3B75FBC343E1}.Debug|Any CPU.Build.0 = Debug|Any CPU
		{6A840138-DD9E-4F32-B1C4-3B75FBC343E1}.Release|Any CPU.ActiveCfg = Release|Any CPU
		{6A840138-DD9E-4F32-B1C4-3B75FBC343E1}.Release|Any CPU.Build.0 = Release|Any CPU
		{9B9F3436-7FDC-4377-ADED-647799E7BE6E}.Debug|Any CPU.ActiveCfg = Debug|Any CPU
		{9B9F3436-7FDC-4377-ADED-647799E7BE6E}.Debug|Any CPU.Build.0 = Debug|Any CPU
		{9B9F3436-7FDC-4377-ADED-647799E7BE6E}.Release|Any CPU.ActiveCfg = Release|Any CPU
		{9B9F3436-7FDC-4377-ADED-647799E7BE6E}.Release|Any CPU.Build.0 = Release|Any CPU
		{455F7995-A4C5-46E4-ABC5-D63866A4E1F7}.Debug|Any CPU.ActiveCfg = Debug|Any CPU
		{455F7995-A4C5-46E4-ABC5-D63866A4E1F7}.Debug|Any CPU.Build.0 = Debug|Any CPU
		{455F7995-A4C5-46E4-ABC5-D63866A4E1F7}.Release|Any CPU.ActiveCfg = Release|Any CPU
		{455F7995-A4C5-46E4-ABC5-D63866A4E1F7}.Release|Any CPU.Build.0 = Release|Any CPU
	EndGlobalSection
	GlobalSection(SolutionProperties) = preSolution
		HideSolutionNode = FALSE
	EndGlobalSection
	GlobalSection(ExtensibilityGlobals) = postSolution
		SolutionGuid = {4C447864-8F44-4C7E-A6F5-6332D7C2DF99}
	EndGlobalSection
EndGlobal
